
Microsoft Visual Studio Solution File, Format Version 12.00
# Visual Studio 14
VisualStudioVersion = 14.0.23107.0
MinimumVisualStudioVersion = 10.0.40219.1
Project("{FAE04EC0-301F-11D3-BF4B-00C04F79EFBC}") = "Snake", "Snake\Snake.csproj", "{AF93AA3E-CD60-4F9B-93FA-934151FD2B5A}"
EndProject
Global
	GlobalSection(SolutionConfigurationPlatforms) = preSolution
		Debug|Any CPU = Debug|Any CPU
		Release|Any CPU = Release|Any CPU
	EndGlobalSection
	GlobalSection(ProjectConfigurationPlatforms) = postSolution
		{AF93AA3E-CD60-4F9B-93FA-934151FD2B5A}.Debug|Any CPU.ActiveCfg = Debug|Any CPU
		{AF93AA3E-CD60-4F9B-93FA-934151FD2B5A}.Debug|Any CPU.Build.0 = Debug|Any CPU
		{AF93AA3E-CD60-4F9B-93FA-934151FD2B5A}.Release|Any CPU.ActiveCfg = Release|Any CPU
		{AF93AA3E-CD60-4F9B-93FA-934151FD2B5A}.Release|Any CPU.Build.0 = Release|Any CPU
	EndGlobalSection
	GlobalSection(SolutionProperties) = preSolution
		HideSolutionNode = FALSE
	EndGlobalSection
EndGlobal
